
Microsoft Visual Studio Solution File, Format Version 12.00
# Visual Studio Version 17
VisualStudioVersion = 17.1.32421.90
MinimumVisualStudioVersion = 10.0.40219.1
Project("{FAE04EC0-301F-11D3-BF4B-00C04F79EFBC}") = "Goosetuv.Snow.NET.ConsoleApp", "Goosetuv.Snow.NET.ConsoleApp.csproj", "{AA099ECC-8768-4713-85CD-0FD398ACEE48}"
EndProject
Global
	GlobalSection(SolutionConfigurationPlatforms) = preSolution
		Debug|Any CPU = Debug|Any CPU
		Release|Any CPU = Release|Any CPU
	EndGlobalSection
	GlobalSection(ProjectConfigurationPlatforms) = postSolution
		{AA099ECC-8768-4713-85CD-0FD398ACEE48}.Debug|Any CPU.ActiveCfg = Debug|Any CPU
		{AA099ECC-8768-4713-85CD-0FD398ACEE48}.Debug|Any CPU.Build.0 = Debug|Any CPU
		{AA099ECC-8768-4713-85CD-0FD398ACEE48}.Release|Any CPU.ActiveCfg = Release|Any CPU
		{AA099ECC-8768-4713-85CD-0FD398ACEE48}.Release|Any CPU.Build.0 = Release|Any CPU
	EndGlobalSection
	GlobalSection(SolutionProperties) = preSolution
		HideSolutionNode = FALSE
	EndGlobalSection
	GlobalSection(ExtensibilityGlobals) = postSolution
		SolutionGuid = {D8E35924-0F27-46B3-AE91-706115091D74}
	EndGlobalSection
EndGlobal
